<?xml version="1.0" encoding="utf-8"?>
<Project ToolsVersion="4.0" xmlns="http://schemas.microsoft.com/developer/msbuild/2003">
  <ItemGroup>
    <Filter Include="Source Files">
      <UniqueIdentifier>{4FC737F1-C7A5-4376-A066-2A32D752A2FF}</UniqueIdentifier>
      <Extensions>cpp;c;cc;cxx;def;odl;idl;hpj;bat;asm;asmx</Extensions>
    </Filter>
    <Filter Include="Header Files">
      <UniqueIdentifier>{93995380-89BD-4b04-88EB-625FBE52EBFB}</UniqueIdentifier>
      <Extensions>h;hpp;hxx;hm;inl;inc;xsd</Extensions>
    </Filter>
    <Filter Include="Resource Files">
      <UniqueIdentifier>{67DA6AB6-F800-4c08-8B7A-83BB121AAD01}</UniqueIdentifier>
      <Extensions>rc;ico;cur;bmp;dlg;rc2;rct;bin;rgs;gif;jpg;jpeg;jpe;resx;tiff;tif;png;wav;mfcribbon-ms</Extensions>
    </Filter>
  </ItemGroup>
  <ItemGroup>
    <ClCompile Include="gcd.cpp">
      <Filter>Source Files</Filter>
    </ClCompile>
    <ClCompile Include="fibo.cpp">
      <Filter>Source Files</Filter>
    </ClCompile>
    <ClCompile Include="prime.cpp">
      <Filter>Source Files</Filter>
    </ClCompile>
    <ClCompile Include="Collatz.cpp">
      <Filter>Source Files</Filter>
    </ClCompile>
    <ClCompile Include="jumpcase.cpp">
      <Filter>Source Files</Filter>
    </ClCompile>
    <ClCompile Include="overtime.cpp">
      <Filter>Source Files</Filter>
    </ClCompile>
    <ClCompile Include="CNlcm.cpp">
      <Filter>Source Files</Filter>
    </ClCompile>
    <ClCompile Include="level3_caesar.cpp">
      <Filter>Source Files</Filter>
    </ClCompile>
    <ClCompile Include="level4_expressions.cpp">
      <Filter>Source Files</Filter>
    </ClCompile>
    <ClCompile Include="level4_bestSet.cpp">
      <Filter>Source Files</Filter>
    </ClCompile>
    <ClCompile Include="level4_hopscotch.cpp">
      <Filter>Source Files</Filter>
    </ClCompile>
    <ClCompile Include="level5_change124.cpp">
      <Filter>Source Files</Filter>
    </ClCompile>
    <ClCompile Include="old_main.cpp">
      <Filter>Source Files</Filter>
    </ClCompile>
    <ClCompile Include="main.cpp">
      <Filter>Source Files</Filter>
    </ClCompile>
  </ItemGroup>
  <ItemGroup>
    <ClInclude Include="gcd.h">
      <Filter>Header Files</Filter>
    </ClInclude>
    <ClInclude Include="fibo.h">
      <Filter>Header Files</Filter>
    </ClInclude>
    <ClInclude Include="prime.h">
      <Filter>Header Files</Filter>
    </ClInclude>
    <ClInclude Include="irunnable.h">
      <Filter>Header Files</Filter>
    </ClInclude>
    <ClInclude Include="Collatz.h">
      <Filter>Header Files</Filter>
    </ClInclude>
    <ClInclude Include="jumpcase.h">
      <Filter>Header Files</Filter>
    </ClInclude>
    <ClInclude Include="overtime.h">
      <Filter>Header Files</Filter>
    </ClInclude>
    <ClInclude Include="CNlcm.h">
      <Filter>Header Files</Filter>
    </ClInclude>
    <ClInclude Include="level3_caesar.h">
      <Filter>Header Files</Filter>
    </ClInclude>
    <ClInclude Include="level4.h">
      <Filter>Header Files</Filter>
    </ClInclude>
    <ClInclude Include="demo2017.h">
      <Filter>Header Files</Filter>
    </ClInclude>
    <ClInclude Include="level5.h">
      <Filter>Header Files</Filter>
    </ClInclude>
  </ItemGroup>
</Project>